
Microsoft Visual Studio Solution File, Format Version 12.00
# Visual Studio 15
VisualStudioVersion = 15.0.28010.0
MinimumVisualStudioVersion = 10.0.40219.1
Project("{9A19103F-16F7-4668-BE54-9A1E7A4F7556}") = "CarGarage", "CarGarage\CarGarage.csproj", "{B3982216-AAA0-46E5-808B-7B04678516B4}"
EndProject
Project("{9A19103F-16F7-4668-BE54-9A1E7A4F7556}") = "CarGarage.Tests", "CarGarage.Tests\CarGarage.Tests.csproj", "{FCE70557-52AC-45B7-BBE6-7E70A8E0B476}"
EndProject
Global
	GlobalSection(SolutionConfigurationPlatforms) = preSolution
		Debug|Any CPU = Debug|Any CPU
		Release|Any CPU = Release|Any CPU
	EndGlobalSection
	GlobalSection(ProjectConfigurationPlatforms) = postSolution
		{B3982216-AAA0-46E5-808B-7B04678516B4}.Debug|Any CPU.ActiveCfg = Debug|Any CPU
		{B3982216-AAA0-46E5-808B-7B04678516B4}.Debug|Any CPU.Build.0 = Debug|Any CPU
		{B3982216-AAA0-46E5-808B-7B04678516B4}.Release|Any CPU.ActiveCfg = Release|Any CPU
		{B3982216-AAA0-46E5-808B-7B04678516B4}.Release|Any CPU.Build.0 = Release|Any CPU
		{FCE70557-52AC-45B7-BBE6-7E70A8E0B476}.Debug|Any CPU.ActiveCfg = Debug|Any CPU
		{FCE70557-52AC-45B7-BBE6-7E70A8E0B476}.Debug|Any CPU.Build.0 = Debug|Any CPU
		{FCE70557-52AC-45B7-BBE6-7E70A8E0B476}.Release|Any CPU.ActiveCfg = Release|Any CPU
		{FCE70557-52AC-45B7-BBE6-7E70A8E0B476}.Release|Any CPU.Build.0 = Release|Any CPU
	EndGlobalSection
	GlobalSection(SolutionProperties) = preSolution
		HideSolutionNode = FALSE
	EndGlobalSection
	GlobalSection(ExtensibilityGlobals) = postSolution
		SolutionGuid = {ABC8530E-C85D-4318-B338-0C654CE05CDF}
	EndGlobalSection
EndGlobal
